// !$*UTF8*$!
{
	archiveVersion = 1;
	classes = {
	};
	objectVersion = 46;
	objects = {

/* Begin PBXBuildFile section */
		C20731A61A4CECBB0026EA0B /* TableViewController.m in Sources */ = {isa = PBXBuildFile; fileRef = C20731A41A4CECBB0026EA0B /* TableViewController.m */; };
		C20731A71A4CECBB0026EA0B /* TableViewController.xib in Resources */ = {isa = PBXBuildFile; fileRef = C20731A51A4CECBB0026EA0B /* TableViewController.xib */; };
		C293B80D1A4AF44D007053A7 /* Foundation.framework in Frameworks */ = {isa = PBXBuildFile; fileRef = C293B80C1A4AF44C007053A7 /* Foundation.framework */; };
		C293B80F1A4AF44D007053A7 /* CoreGraphics.framework in Frameworks */ = {isa = PBXBuildFile; fileRef = C293B80E1A4AF44D007053A7 /* CoreGraphics.framework */; };
		C293B8111A4AF44D007053A7 /* UIKit.framework in Frameworks */ = {isa = PBXBuildFile; fileRef = C293B8101A4AF44D007053A7 /* UIKit.framework */; };
		C293B8171A4AF44D007053A7 /* InfoPlist.strings in Resources */ = {isa = PBXBuildFile; fileRef = C293B8151A4AF44D007053A7 /* InfoPlist.strings */; };
		C293B8191A4AF44D007053A7 /* main.m in Sources */ = {isa = PBXBuildFile; fileRef = C293B8181A4AF44D007053A7 /* main.m */; };
		C293B81D1A4AF44D007053A7 /* AppDelegate.m in Sources */ = {isa = PBXBuildFile; fileRef = C293B81C1A4AF44D007053A7 /* AppDelegate.m */; };
		C293B81F1A4AF44D007053A7 /* Images.xcassets in Resources */ = {isa = PBXBuildFile; fileRef = C293B81E1A4AF44D007053A7 /* Images.xcassets */; };
		C293B8261A4AF44D007053A7 /* XCTest.framework in Frameworks */ = {isa = PBXBuildFile; fileRef = C293B8251A4AF44D007053A7 /* XCTest.framework */; };
		C293B8271A4AF44D007053A7 /* Foundation.framework in Frameworks */ = {isa = PBXBuildFile; fileRef = C293B80C1A4AF44C007053A7 /* Foundation.framework */; };
		C293B8281A4AF44D007053A7 /* UIKit.framework in Frameworks */ = {isa = PBXBuildFile; fileRef = C293B8101A4AF44D007053A7 /* UIKit.framework */; };
		C293B8301A4AF44D007053A7 /* InfoPlist.strings in Resources */ = {isa = PBXBuildFile; fileRef = C293B82E1A4AF44D007053A7 /* InfoPlist.strings */; };
		C293B8321A4AF44D007053A7 /* SQLTests.m in Sources */ = {isa = PBXBuildFile; fileRef = C293B8311A4AF44D007053A7 /* SQLTests.m */; };
		C293B83C1A4AF46B007053A7 /* libsqlite3.0.dylib in Frameworks */ = {isa = PBXBuildFile; fileRef = C293B83B1A4AF46B007053A7 /* libsqlite3.0.dylib */; };
		C293B83E1A4AF481007053A7 /* libsqlite3.0.dylib in Frameworks */ = {isa = PBXBuildFile; fileRef = C293B83D1A4AF481007053A7 /* libsqlite3.0.dylib */; };
		C293B84A1A4AF7C2007053A7 /* sqlService.m in Sources */ = {isa = PBXBuildFile; fileRef = C293B8491A4AF7C2007053A7 /* sqlService.m */; };
		C293B84D1A4AF8EA007053A7 /* SQLite.m in Sources */ = {isa = PBXBuildFile; fileRef = C293B84C1A4AF8EA007053A7 /* SQLite.m */; };
/* End PBXBuildFile section */

/* Begin PBXContainerItemProxy section */
		C293B8291A4AF44D007053A7 /* PBXContainerItemProxy */ = {
			isa = PBXContainerItemProxy;
			containerPortal = C293B8011A4AF44C007053A7 /* Project object */;
			proxyType = 1;
			remoteGlobalIDString = C293B8081A4AF44C007053A7;
			remoteInfo = SQL;
		};
/* End PBXContainerItemProxy section */

/* Begin PBXFileReference section */
		C20731A31A4CECBB0026EA0B /* TableViewController.h */ = {isa = PBXFileReference; fileEncoding = 4; lastKnownFileType = sourcecode.c.h; path = TableViewController.h; sourceTree = "<group>"; };
		C20731A41A4CECBB0026EA0B /* TableViewController.m */ = {isa = PBXFileReference; fileEncoding = 4; lastKnownFileType = sourcecode.c.objc; path = TableViewController.m; sourceTree = "<group>"; };
		C20731A51A4CECBB0026EA0B /* TableViewController.xib */ = {isa = PBXFileReference; fileEncoding = 4; lastKnownFileType = file.xib; path = TableViewController.xib; sourceTree = "<group>"; };
		C293B8091A4AF44C007053A7 /* SQL.app */ = {isa = PBXFileReference; explicitFileType = wrapper.application; includeInIndex = 0; path = SQL.app; sourceTree = BUILT_PRODUCTS_DIR; };
		C293B80C1A4AF44C007053A7 /* Foundation.framework */ = {isa = PBXFileReference; lastKnownFileType = wrapper.framework; name = Foundation.framework; path = System/Library/Frameworks/Foundation.framework; sourceTree = SDKROOT; };
		C293B80E1A4AF44D007053A7 /* CoreGraphics.framework */ = {isa = PBXFileReference; lastKnownFileType = wrapper.framework; name = CoreGraphics.framework; path = System/Library/Frameworks/CoreGraphics.framework; sourceTree = SDKROOT; };
		C293B8101A4AF44D007053A7 /* UIKit.framework */ = {isa = PBXFileReference; lastKnownFileType = wrapper.framework; name = UIKit.framework; path = System/Library/Frameworks/UIKit.framework; sourceTree = SDKROOT; };
		C293B8141A4AF44D007053A7 /* SQL-Info.plist */ = {isa = PBXFileReference; lastKnownFileType = text.plist.xml; path = "SQL-Info.plist"; sourceTree = "<group>"; };
		C293B8161A4AF44D007053A7 /* en */ = {isa = PBXFileReference; lastKnownFileType = text.plist.strings; name = en; path = en.lproj/InfoPlist.strings; sourceTree = "<group>"; };
		C293B8181A4AF44D007053A7 /* main.m */ = {isa = PBXFileReference; lastKnownFileType = sourcecode.c.objc; path = main.m; sourceTree = "<group>"; };
		C293B81A1A4AF44D007053A7 /* SQL-Prefix.pch */ = {isa = PBXFileReference; lastKnownFileType = sourcecode.c.h; path = "SQL-Prefix.pch"; sourceTree = "<group>"; };
		C293B81B1A4AF44D007053A7 /* AppDelegate.h */ = {isa = PBXFileReference; lastKnownFileType = sourcecode.c.h; path = AppDelegate.h; sourceTree = "<group>"; };
		C293B81C1A4AF44D007053A7 /* AppDelegate.m */ = {isa = PBXFileReference; lastKnownFileType = sourcecode.c.objc; path = AppDelegate.m; sourceTree = "<group>"; };
		C293B81E1A4AF44D007053A7 /* Images.xcassets */ = {isa = PBXFileReference; lastKnownFileType = folder.assetcatalog; path = Images.xcassets; sourceTree = "<group>"; };
		C293B8241A4AF44D007053A7 /* SQLTests.xctest */ = {isa = PBXFileReference; explicitFileType = wrapper.cfbundle; includeInIndex = 0; path = SQLTests.xctest; sourceTree = BUILT_PRODUCTS_DIR; };
		C293B8251A4AF44D007053A7 /* XCTest.framework */ = {isa = PBXFileReference; lastKnownFileType = wrapper.framework; name = XCTest.framework; path = Library/Frameworks/XCTest.framework; sourceTree = DEVELOPER_DIR; };
		C293B82D1A4AF44D007053A7 /* SQLTests-Info.plist */ = {isa = PBXFileReference; lastKnownFileType = text.plist.xml; path = "SQLTests-Info.plist"; sourceTree = "<group>"; };
		C293B82F1A4AF44D007053A7 /* en */ = {isa = PBXFileReference; lastKnownFileType = text.plist.strings; name = en; path = en.lproj/InfoPlist.strings; sourceTree = "<group>"; };
		C293B8311A4AF44D007053A7 /* SQLTests.m */ = {isa = PBXFileReference; lastKnownFileType = sourcecode.c.objc; path = SQLTests.m; sourceTree = "<group>"; };
		C293B83B1A4AF46B007053A7 /* libsqlite3.0.dylib */ = {isa = PBXFileReference; lastKnownFileType = "compiled.mach-o.dylib"; name = libsqlite3.0.dylib; path = usr/lib/libsqlite3.0.dylib; sourceTree = SDKROOT; };
		C293B83D1A4AF481007053A7 /* libsqlite3.0.dylib */ = {isa = PBXFileReference; lastKnownFileType = "compiled.mach-o.dylib"; name = libsqlite3.0.dylib; path = usr/lib/libsqlite3.0.dylib; sourceTree = SDKROOT; };
		C293B8481A4AF7C2007053A7 /* sqlService.h */ = {isa = PBXFileReference; fileEncoding = 4; lastKnownFileType = sourcecode.c.h; path = sqlService.h; sourceTree = "<group>"; };
		C293B8491A4AF7C2007053A7 /* sqlService.m */ = {isa = PBXFileReference; fileEncoding = 4; lastKnownFileType = sourcecode.c.objc; path = sqlService.m; sourceTree = "<group>"; };
		C293B84B1A4AF8EA007053A7 /* SQLite.h */ = {isa = PBXFileReference; fileEncoding = 4; lastKnownFileType = sourcecode.c.h; path = SQLite.h; sourceTree = "<group>"; };
		C293B84C1A4AF8EA007053A7 /* SQLite.m */ = {isa = PBXFileReference; fileEncoding = 4; lastKnownFileType = sourcecode.c.objc; path = SQLite.m; sourceTree = "<group>"; };
/* End PBXFileReference section */

/* Begin PBXFrameworksBuildPhase section */
		C293B8061A4AF44C007053A7 /* Frameworks */ = {
			isa = PBXFrameworksBuildPhase;
			buildActionMask = 2147483647;
			files = (
				C293B83C1A4AF46B007053A7 /* libsqlite3.0.dylib in Frameworks */,
				C293B83E1A4AF481007053A7 /* libsqlite3.0.dylib in Frameworks */,
				C293B80F1A4AF44D007053A7 /* CoreGraphics.framework in Frameworks */,
				C293B8111A4AF44D007053A7 /* UIKit.framework in Frameworks */,
				C293B80D1A4AF44D007053A7 /* Foundation.framework in Frameworks */,
			);
			runOnlyForDeploymentPostprocessing = 0;
		};
		C293B8211A4AF44D007053A7 /* Frameworks */ = {
			isa = PBXFrameworksBuildPhase;
			buildActionMask = 2147483647;
			files = (
				C293B8261A4AF44D007053A7 /* XCTest.framework in Frameworks */,
				C293B8281A4AF44D007053A7 /* UIKit.framework in Frameworks */,
				C293B8271A4AF44D007053A7 /* Foundation.framework in Frameworks */,
			);
			runOnlyForDeploymentPostprocessing = 0;
		};
/* End PBXFrameworksBuildPhase section */

/* Begin PBXGroup section */
		C293B8001A4AF44C007053A7 = {
			isa = PBXGroup;
			children = (
				C293B83D1A4AF481007053A7 /* libsqlite3.0.dylib */,
				C293B8121A4AF44D007053A7 /* SQL */,
				C293B82B1A4AF44D007053A7 /* SQLTests */,
				C293B80B1A4AF44C007053A7 /* Frameworks */,
				C293B80A1A4AF44C007053A7 /* Products */,
			);
			sourceTree = "<group>";
		};
		C293B80A1A4AF44C007053A7 /* Products */ = {
			isa = PBXGroup;
			children = (
				C293B8091A4AF44C007053A7 /* SQL.app */,
				C293B8241A4AF44D007053A7 /* SQLTests.xctest */,
			);
			name = Products;
			sourceTree = "<group>";
		};
		C293B80B1A4AF44C007053A7 /* Frameworks */ = {
			isa = PBXGroup;
			children = (
				C293B83B1A4AF46B007053A7 /* libsqlite3.0.dylib */,
				C293B80C1A4AF44C007053A7 /* Foundation.framework */,
				C293B80E1A4AF44D007053A7 /* CoreGraphics.framework */,
				C293B8101A4AF44D007053A7 /* UIKit.framework */,
				C293B8251A4AF44D007053A7 /* XCTest.framework */,
			);
			name = Frameworks;
			sourceTree = "<group>";
		};
		C293B8121A4AF44D007053A7 /* SQL */ = {
			isa = PBXGroup;
			children = (
				C293B81B1A4AF44D007053A7 /* AppDelegate.h */,
				C293B81C1A4AF44D007053A7 /* AppDelegate.m */,
				C293B8481A4AF7C2007053A7 /* sqlService.h */,
				C293B8491A4AF7C2007053A7 /* sqlService.m */,
				C20731A31A4CECBB0026EA0B /* TableViewController.h */,
				C20731A41A4CECBB0026EA0B /* TableViewController.m */,
				C20731A51A4CECBB0026EA0B /* TableViewController.xib */,
				C293B84B1A4AF8EA007053A7 /* SQLite.h */,
				C293B84C1A4AF8EA007053A7 /* SQLite.m */,
				C293B81E1A4AF44D007053A7 /* Images.xcassets */,
				C293B8131A4AF44D007053A7 /* Supporting Files */,
			);
			path = SQL;
			sourceTree = "<group>";
		};
		C293B8131A4AF44D007053A7 /* Supporting Files */ = {
			isa = PBXGroup;
			children = (
				C293B8141A4AF44D007053A7 /* SQL-Info.plist */,
				C293B8151A4AF44D007053A7 /* InfoPlist.strings */,
				C293B8181A4AF44D007053A7 /* main.m */,
				C293B81A1A4AF44D007053A7 /* SQL-Prefix.pch */,
			);
			name = "Supporting Files";
			sourceTree = "<group>";
		};
		C293B82B1A4AF44D007053A7 /* SQLTests */ = {
			isa = PBXGroup;
			children = (
				C293B8311A4AF44D007053A7 /* SQLTests.m */,
				C293B82C1A4AF44D007053A7 /* Supporting Files */,
			);
			path = SQLTests;
			sourceTree = "<group>";
		};
		C293B82C1A4AF44D007053A7 /* Supporting Files */ = {
			isa = PBXGroup;
			children = (
				C293B82D1A4AF44D007053A7 /* SQLTests-Info.plist */,
				C293B82E1A4AF44D007053A7 /* InfoPlist.strings */,
			);
			name = "Supporting Files";
			sourceTree = "<group>";
		};
/* End PBXGroup section */

/* Begin PBXNativeTarget section */
		C293B8081A4AF44C007053A7 /* SQL */ = {
			isa = PBXNativeTarget;
			buildConfigurationList = C293B8351A4AF44D007053A7 /* Build configuration list for PBXNativeTarget "SQL" */;
			buildPhases = (
				C293B8051A4AF44C007053A7 /* Sources */,
				C293B8061A4AF44C007053A7 /* Frameworks */,
				C293B8071A4AF44C007053A7 /* Resources */,
			);
			buildRules = (
			);
			dependencies = (
			);
			name = SQL;
			productName = SQL;
			productReference = C293B8091A4AF44C007053A7 /* SQL.app */;
			productType = "com.apple.product-type.application";
		};
		C293B8231A4AF44D007053A7 /* SQLTests */ = {
			isa = PBXNativeTarget;
			buildConfigurationList = C293B8381A4AF44D007053A7 /* Build configuration list for PBXNativeTarget "SQLTests" */;
			buildPhases = (
				C293B8201A4AF44D007053A7 /* Sources */,
				C293B8211A4AF44D007053A7 /* Frameworks */,
				C293B8221A4AF44D007053A7 /* Resources */,
			);
			buildRules = (
			);
			dependencies = (
				C293B82A1A4AF44D007053A7 /* PBXTargetDependency */,
			);
			name = SQLTests;
			productName = SQLTests;
			productReference = C293B8241A4AF44D007053A7 /* SQLTests.xctest */;
			productType = "com.apple.product-type.bundle.unit-test";
		};
/* End PBXNativeTarget section */

/* Begin PBXProject section */
		C293B8011A4AF44C007053A7 /* Project object */ = {
			isa = PBXProject;
			attributes = {
				LastUpgradeCheck = 0510;
				ORGANIZATIONNAME = ThirtySeven;
				TargetAttributes = {
					C293B8231A4AF44D007053A7 = {
						TestTargetID = C293B8081A4AF44C007053A7;
					};
				};
			};
			buildConfigurationList = C293B8041A4AF44C007053A7 /* Build configuration list for PBXProject "SQL" */;
			compatibilityVersion = "Xcode 3.2";
			developmentRegion = English;
			hasScannedForEncodings = 0;
			knownRegions = (
				en,
			);
			mainGroup = C293B8001A4AF44C007053A7;
			productRefGroup = C293B80A1A4AF44C007053A7 /* Products */;
			projectDirPath = "";
			projectRoot = "";
			targets = (
				C293B8081A4AF44C007053A7 /* SQL */,
				C293B8231A4AF44D007053A7 /* SQLTests */,
			);
		};
/* End PBXProject section */

/* Begin PBXResourcesBuildPhase section */
		C293B8071A4AF44C007053A7 /* Resources */ = {
			isa = PBXResourcesBuildPhase;
			buildActionMask = 2147483647;
			files = (
				C20731A71A4CECBB0026EA0B /* TableViewController.xib in Resources */,
				C293B8171A4AF44D007053A7 /* InfoPlist.strings in Resources */,
				C293B81F1A4AF44D007053A7 /* Images.xcassets in Resources */,
			);
			runOnlyForDeploymentPostprocessing = 0;
		};
		C293B8221A4AF44D007053A7 /* Resources */ = {
			isa = PBXResourcesBuildPhase;
			buildActionMask = 2147483647;
			files = (
				C293B8301A4AF44D007053A7 /* InfoPlist.strings in Resources */,
			);
			runOnlyForDeploymentPostprocessing = 0;
		};
/* End PBXResourcesBuildPhase section */

/* Begin PBXSourcesBuildPhase section */
		C293B8051A4AF44C007053A7 /* Sources */ = {
			isa = PBXSourcesBuildPhase;
			buildActionMask = 2147483647;
			files = (
				C293B81D1A4AF44D007053A7 /* AppDelegate.m in Sources */,
				C293B84D1A4AF8EA007053A7 /* SQLite.m in Sources */,
				C293B8191A4AF44D007053A7 /* main.m in Sources */,
				C20731A61A4CECBB0026EA0B /* TableViewController.m in Sources */,
				C293B84A1A4AF7C2007053A7 /* sqlService.m in Sources */,
			);
			runOnlyForDeploymentPostprocessing = 0;
		};
		C293B8201A4AF44D007053A7 /* Sources */ = {
			isa = PBXSourcesBuildPhase;
			buildActionMask = 2147483647;
			files = (
				C293B8321A4AF44D007053A7 /* SQLTests.m in Sources */,
			);
			runOnlyForDeploymentPostprocessing = 0;
		};
/* End PBXSourcesBuildPhase section */

/* Begin PBXTargetDependency section */
		C293B82A1A4AF44D007053A7 /* PBXTargetDependency */ = {
			isa = PBXTargetDependency;
			target = C293B8081A4AF44C007053A7 /* SQL */;
			targetProxy = C293B8291A4AF44D007053A7 /* PBXContainerItemProxy */;
		};
/* End PBXTargetDependency section */

/* Begin PBXVariantGroup section */
		C293B8151A4AF44D007053A7 /* InfoPlist.strings */ = {
			isa = PBXVariantGroup;
			children = (
				C293B8161A4AF44D007053A7 /* en */,
			);
			name = InfoPlist.strings;
			sourceTree = "<group>";
		};
		C293B82E1A4AF44D007053A7 /* InfoPlist.strings */ = {
			isa = PBXVariantGroup;
			children = (
				C293B82F1A4AF44D007053A7 /* en */,
			);
			name = InfoPlist.strings;
			sourceTree = "<group>";
		};
/* End PBXVariantGroup section */

/* Begin XCBuildConfiguration section */
		C293B8331A4AF44D007053A7 /* Debug */ = {
			isa = XCBuildConfiguration;
			buildSettings = {
				ALWAYS_SEARCH_USER_PATHS = NO;
				CLANG_CXX_LANGUAGE_STANDARD = "gnu++0x";
				CLANG_CXX_LIBRARY = "libc++";
				CLANG_ENABLE_MODULES = YES;
				CLANG_ENABLE_OBJC_ARC = YES;
				CLANG_WARN_BOOL_CONVERSION = YES;
				CLANG_WARN_CONSTANT_CONVERSION = YES;
				CLANG_WARN_DIRECT_OBJC_ISA_USAGE = YES_ERROR;
				CLANG_WARN_EMPTY_BODY = YES;
				CLANG_WARN_ENUM_CONVERSION = YES;
				CLANG_WARN_INT_CONVERSION = YES;
				CLANG_WARN_OBJC_ROOT_CLASS = YES_ERROR;
				CLANG_WARN__DUPLICATE_METHOD_MATCH = YES;
				"CODE_SIGN_IDENTITY[sdk=iphoneos*]" = "iPhone Developer";
				COPY_PHASE_STRIP = NO;
				GCC_C_LANGUAGE_STANDARD = gnu99;
				GCC_DYNAMIC_NO_PIC = NO;
				GCC_OPTIMIZATION_LEVEL = 0;
				GCC_PREPROCESSOR_DEFINITIONS = (
					"DEBUG=1",
					"$(inherited)",
				);
				GCC_SYMBOLS_PRIVATE_EXTERN = NO;
				GCC_WARN_64_TO_32_BIT_CONVERSION = YES;
				GCC_WARN_ABOUT_RETURN_TYPE = YES_ERROR;
				GCC_WARN_UNDECLARED_SELECTOR = YES;
				GCC_WARN_UNINITIALIZED_AUTOS = YES_AGGRESSIVE;
				GCC_WARN_UNUSED_FUNCTION = YES;
				GCC_WARN_UNUSED_VARIABLE = YES;
				IPHONEOS_DEPLOYMENT_TARGET = 7.1;
				ONLY_ACTIVE_ARCH = YES;
				SDKROOT = iphoneos;
				TARGETED_DEVICE_FAMILY = "1,2";
			};
			name = Debug;
		};
		C293B8341A4AF44D007053A7 /* Release */ = {
			isa = XCBuildConfiguration;
			buildSettings = {
				ALWAYS_SEARCH_USER_PATHS = NO;
				CLANG_CXX_LANGUAGE_STANDARD = "gnu++0x";
				CLANG_CXX_LIBRARY = "libc++";
				CLANG_ENABLE_MODULES = YES;
				CLANG_ENABLE_OBJC_ARC = YES;
				CLANG_WARN_BOOL_CONVERSION = YES;
				CLANG_WARN_CONSTANT_CONVERSION = YES;
				CLANG_WARN_DIRECT_OBJC_ISA_USAGE = YES_ERROR;
				CLANG_WARN_EMPTY_BODY = YES;
				CLANG_WARN_ENUM_CONVERSION = YES;
				CLANG_WARN_INT_CONVERSION = YES;
				CLANG_WARN_OBJC_ROOT_CLASS = YES_ERROR;
				CLANG_WARN__DUPLICATE_METHOD_MATCH = YES;
				"CODE_SIGN_IDENTITY[sdk=iphoneos*]" = "iPhone Developer";
				COPY_PHASE_STRIP = YES;
				ENABLE_NS_ASSERTIONS = NO;
				GCC_C_LANGUAGE_STANDARD = gnu99;
				GCC_WARN_64_TO_32_BIT_CONVERSION = YES;
				GCC_WARN_ABOUT_RETURN_TYPE = YES_ERROR;
				GCC_WARN_UNDECLARED_SELECTOR = YES;
				GCC_WARN_UNINITIALIZED_AUTOS = YES_AGGRESSIVE;
				GCC_WARN_UNUSED_FUNCTION = YES;
				GCC_WARN_UNUSED_VARIABLE = YES;
				IPHONEOS_DEPLOYMENT_TARGET = 7.1;
				SDKROOT = iphoneos;
				TARGETED_DEVICE_FAMILY = "1,2";
				VALIDATE_PRODUCT = YES;
			};
			name = Release;
		};
		C293B8361A4AF44D007053A7 /* Debug */ = {
			isa = XCBuildConfiguration;
			buildSettings = {
				ASSETCATALOG_COMPILER_APPICON_NAME = AppIcon;
				ASSETCATALOG_COMPILER_LAUNCHIMAGE_NAME = LaunchImage;
				CLANG_ENABLE_OBJC_ARC = NO;
				GCC_PRECOMPILE_PREFIX_HEADER = YES;
				GCC_PREFIX_HEADER = "SQL/SQL-Prefix.pch";
				INFOPLIST_FILE = "SQL/SQL-Info.plist";
				PRODUCT_NAME = "$(TARGET_NAME)";
				WRAPPER_EXTENSION = app;
			};
			name = Debug;
		};
		C293B8371A4AF44D007053A7 /* Release */ = {
			isa = XCBuildConfiguration;
			buildSettings = {
				ASSETCATALOG_COMPILER_APPICON_NAME = AppIcon;
				ASSETCATALOG_COMPILER_LAUNCHIMAGE_NAME = LaunchImage;
				CLANG_ENABLE_OBJC_ARC = NO;
				GCC_PRECOMPILE_PREFIX_HEADER = YES;
				GCC_PREFIX_HEADER = "SQL/SQL-Prefix.pch";
				INFOPLIST_FILE = "SQL/SQL-Info.plist";
				PRODUCT_NAME = "$(TARGET_NAME)";
				WRAPPER_EXTENSION = app;
			};
			name = Release;
		};
		C293B8391A4AF44D007053A7 /* Debug */ = {
			isa = XCBuildConfiguration;
			buildSettings = {
				BUNDLE_LOADER = "$(BUILT_PRODUCTS_DIR)/SQL.app/SQL";
				FRAMEWORK_SEARCH_PATHS = (
					"$(SDKROOT)/Developer/Library/Frameworks",
					"$(inherited)",
					"$(DEVELOPER_FRAMEWORKS_DIR)",
				);
				GCC_PRECOMPILE_PREFIX_HEADER = YES;
				GCC_PREFIX_HEADER = "SQL/SQL-Prefix.pch";
				GCC_PREPROCESSOR_DEFINITIONS = (
					"DEBUG=1",
					"$(inherited)",
				);
				INFOPLIST_FILE = "SQLTests/SQLTests-Info.plist";
				PRODUCT_NAME = "$(TARGET_NAME)";
				TEST_HOST = "$(BUNDLE_LOADER)";
				WRAPPER_EXTENSION = xctest;
			};
			name = Debug;
		};
		C293B83A1A4AF44D007053A7 /* Release */ = {
			isa = XCBuildConfiguration;
			buildSettings = {
				BUNDLE_LOADER = "$(BUILT_PRODUCTS_DIR)/SQL.app/SQL";
				FRAMEWORK_SEARCH_PATHS = (
					"$(SDKROOT)/Developer/Library/Frameworks",
					"$(inherited)",
					"$(DEVELOPER_FRAMEWORKS_DIR)",
				);
				GCC_PRECOMPILE_PREFIX_HEADER = YES;
				GCC_PREFIX_HEADER = "SQL/SQL-Prefix.pch";
				INFOPLIST_FILE = "SQLTests/SQLTests-Info.plist";
				PRODUCT_NAME = "$(TARGET_NAME)";
				TEST_HOST = "$(BUNDLE_LOADER)";
				WRAPPER_EXTENSION = xctest;
			};
			name = Release;
		};
/* End XCBuildConfiguration section */

/* Begin XCConfigurationList section */
		C293B8041A4AF44C007053A7 /* Build configuration list for PBXProject "SQL" */ = {
			isa = XCConfigurationList;
			buildConfigurations = (
				C293B8331A4AF44D007053A7 /* Debug */,
				C293B8341A4AF44D007053A7 /* Release */,
			);
			defaultConfigurationIsVisible = 0;
			defaultConfigurationName = Release;
		};
		C293B8351A4AF44D007053A7 /* Build configuration list for PBXNativeTarget "SQL" */ = {
			isa = XCConfigurationList;
			buildConfigurations = (
				C293B8361A4AF44D007053A7 /* Debug */,
				C293B8371A4AF44D007053A7 /* Release */,
			);
			defaultConfigurationIsVisible = 0;
			defaultConfigurationName = Release;
		};
		C293B8381A4AF44D007053A7 /* Build configuration list for PBXNativeTarget "SQLTests" */ = {
			isa = XCConfigurationList;
			buildConfigurations = (
				C293B8391A4AF44D007053A7 /* Debug */,
				C293B83A1A4AF44D007053A7 /* Release */,
			);
			defaultConfigurationIsVisible = 0;
			defaultConfigurationName = Release;
		};
/* End XCConfigurationList section */
	};
	rootObject = C293B8011A4AF44C007053A7 /* Project object */;
}
